{
  "name": "memoryusage",
  "version": "1.0.0",
  "lockfileVersion": 1,
  "dependencies": {
    "lib_api_node_config": {
      "version": "file:..\\..\\lib_api_node_config",
      "dependencies": {
        "axios": {
          "version": "0.16.2",
          "bundled": true
        },
        "debug": {
          "version": "2.6.8",
          "bundled": true
        },
        "follow-redirects": {
          "version": "1.2.4",
          "bundled": true
        },
        "is-buffer": {
          "version": "1.1.5",
          "bundled": true
        },
        "ms": {
          "version": "2.0.0",
          "bundled": true
        }
      }
    }
  }
}
