{
  "name": "memoryusage",
  "version": "1.0.0",
  "lockfileVersion": 1,
  "dependencies": {
    "axios": {
      "version": "0.16.2",
      "resolved": "http://registry.npm.taobao.org/axios/download/axios-0.16.2.tgz",
      "dependencies": {
        "follow-redirects": {
          "version": "1.2.4",
          "resolved": "http://registry.npm.taobao.org/follow-redirects/download/follow-redirects-1.2.4.tgz",
          "dependencies": {
            "debug": {
              "version": "2.6.8",
              "resolved": "http://registry.npm.taobao.org/debug/download/debug-2.6.8.tgz",
              "dependencies": {
                "ms": {
                  "version": "2.0.0",
                  "resolved": "http://registry.npm.taobao.org/ms/download/ms-2.0.0.tgz"
                }
              }
            }
          }
        },
        "is-buffer": {
          "version": "1.1.5",
          "resolved": "http://registry.npm.taobao.org/is-buffer/download/is-buffer-1.1.5.tgz"
        }
      }
    },
    "ssh2": {
      "version": "0.5.5",
      "resolved": "http://registry.npm.taobao.org/ssh2/download/ssh2-0.5.5.tgz",
      "dependencies": {
        "ssh2-streams": {
          "version": "0.1.19",
          "resolved": "http://registry.npm.taobao.org/ssh2-streams/download/ssh2-streams-0.1.19.tgz",
          "dependencies": {
            "asn1": {
              "version": "0.2.3",
              "resolved": "http://registry.npm.taobao.org/asn1/download/asn1-0.2.3.tgz"
            },
            "semver": {
              "version": "5.3.0",
              "resolved": "http://registry.npm.taobao.org/semver/download/semver-5.3.0.tgz"
            },
            "streamsearch": {
              "version": "0.1.2",
              "resolved": "http://registry.npm.taobao.org/streamsearch/download/streamsearch-0.1.2.tgz"
            }
          }
        }
      }
    }
  }
}
